
Microsoft Visual Studio Solution File, Format Version 12.00
# Visual Studio Version 16
VisualStudioVersion = 16.0.28803.202
MinimumVisualStudioVersion = 10.0.40219.1
Project("{FAE04EC0-301F-11D3-BF4B-00C04F79EFBC}") = "SplitFiles", "SplitFiles\SplitFiles.csproj", "{952B0BFC-3B04-47FB-AF1F-5D78D13BE261}"
EndProject
Global
	GlobalSection(SolutionConfigurationPlatforms) = preSolution
		Debug|Any CPU = Debug|Any CPU
		Release|Any CPU = Release|Any CPU
	EndGlobalSection
	GlobalSection(ProjectConfigurationPlatforms) = postSolution
		{952B0BFC-3B04-47FB-AF1F-5D78D13BE261}.Debug|Any CPU.ActiveCfg = Debug|Any CPU
		{952B0BFC-3B04-47FB-AF1F-5D78D13BE261}.Debug|Any CPU.Build.0 = Debug|Any CPU
		{952B0BFC-3B04-47FB-AF1F-5D78D13BE261}.Release|Any CPU.ActiveCfg = Release|Any CPU
		{952B0BFC-3B04-47FB-AF1F-5D78D13BE261}.Release|Any CPU.Build.0 = Release|Any CPU
	EndGlobalSection
	GlobalSection(SolutionProperties) = preSolution
		HideSolutionNode = FALSE
	EndGlobalSection
	GlobalSection(ExtensibilityGlobals) = postSolution
		SolutionGuid = {B386E350-EB9E-42A4-8AC5-0417645BDE45}
	EndGlobalSection
EndGlobal
